
Microsoft Visual Studio Solution File, Format Version 12.00
# Visual Studio Version 16
VisualStudioVersion = 16.0.30320.27
MinimumVisualStudioVersion = 10.0.40219.1
Project("{FAE04EC0-301F-11D3-BF4B-00C04F79EFBC}") = "DisplayAPITestApp", "DisplayAPITestApp\DisplayAPITestApp.csproj", "{7F40F6F2-4325-4580-AE72-63978132C3C8}"
EndProject
Global
	GlobalSection(SolutionConfigurationPlatforms) = preSolution
		Debug|Any CPU = Debug|Any CPU
		Release|Any CPU = Release|Any CPU
	EndGlobalSection
	GlobalSection(ProjectConfigurationPlatforms) = postSolution
		{7F40F6F2-4325-4580-AE72-63978132C3C8}.Debug|Any CPU.ActiveCfg = Debug|Any CPU
		{7F40F6F2-4325-4580-AE72-63978132C3C8}.Debug|Any CPU.Build.0 = Debug|Any CPU
		{7F40F6F2-4325-4580-AE72-63978132C3C8}.Release|Any CPU.ActiveCfg = Release|Any CPU
		{7F40F6F2-4325-4580-AE72-63978132C3C8}.Release|Any CPU.Build.0 = Release|Any CPU
	EndGlobalSection
	GlobalSection(SolutionProperties) = preSolution
		HideSolutionNode = FALSE
	EndGlobalSection
	GlobalSection(ExtensibilityGlobals) = postSolution
		SolutionGuid = {584A8C8D-ABC9-4D42-8913-87D568A1F42E}
	EndGlobalSection
EndGlobal
